{
  "name": "fp-practice",
  "version": "1.0.0",
  "lockfileVersion": 1,
  "requires": true,
  "dependencies": {
    "daggy": {
      "version": "1.4.0",
      "requires": {
        "sanctuary-type-classes": "3.0.0",
        "sanctuary-type-identifiers": "1.0.0"
      }
    },
    "folktale": {
      "version": "2.3.2"
    },
    "immer": {
      "version": "7.0.7",
      "resolved": "https://registry.npmjs.org/immer/-/immer-7.0.7.tgz",
      "integrity": "sha512-Q8yYwVADJXrNfp1ZUAh4XDHkcoE3wpdpb4mC5abDSajs2EbW8+cGdPyAnglMyLnm7EF6ojD2xBFX7L5i4TIytw=="
    },
    "immutable": {
      "version": "4.0.0-rc.12"
    },
    "immutable-ext": {
      "version": "1.1.5"
    },
    "lodash": {
      "version": "4.17.19"
    },
    "ramda": {
      "version": "0.27.1"
    },
    "sanctuary-type-classes": {
      "version": "3.0.0",
      "resolved": "https://registry.npmjs.org/sanctuary-type-classes/-/sanctuary-type-classes-3.0.0.tgz",
      "integrity": "sha1-5M9CKrzrjHi29iXYTWH9tcbUQRY=",
      "requires": {
        "sanctuary-type-identifiers": "1.0.x"
      }
    },
    "sanctuary-type-identifiers": {
      "version": "1.0.0",
      "resolved": "https://registry.npmjs.org/sanctuary-type-identifiers/-/sanctuary-type-identifiers-1.0.0.tgz",
      "integrity": "sha1-6PNZ8AbLXmJM+4RkYD/BFGCL3p8="
    }
  }
}
