{
  "name": "fp-practice",
  "version": "1.0.0",
  "lockfileVersion": 1,
  "requires": true,
  "dependencies": {
    "daggy": {
      "version": "1.4.0",
      "resolved": "https://registry.npmjs.org/daggy/-/daggy-1.4.0.tgz",
      "integrity": "sha512-6g8sOIPMzriYtyoCfpM2bUobu2yj0UPdaPy+Yzdqow8RqJy/Dv2PrqiNOzCvbxUuT6B1eSbr2EmFPlLNfKFDzQ==",
      "requires": {
        "sanctuary-type-classes": "3.0.0",
        "sanctuary-type-identifiers": "1.0.0"
      }
    },
    "folktale": {
      "version": "2.3.2",
      "resolved": "https://registry.npmjs.org/folktale/-/folktale-2.3.2.tgz",
      "integrity": "sha512-+8GbtQBwEqutP0v3uajDDoN64K2ehmHd0cjlghhxh0WpcfPzAIjPA03e1VvHlxL02FVGR0A6lwXsNQKn3H1RNQ=="
    },
    "immer": {
      "version": "7.0.7",
      "resolved": "https://registry.npmjs.org/immer/-/immer-7.0.7.tgz",
      "integrity": "sha512-Q8yYwVADJXrNfp1ZUAh4XDHkcoE3wpdpb4mC5abDSajs2EbW8+cGdPyAnglMyLnm7EF6ojD2xBFX7L5i4TIytw=="
    },
    "immutable": {
      "version": "4.0.0-rc.12",
      "resolved": "https://registry.npmjs.org/immutable/-/immutable-4.0.0-rc.12.tgz",
      "integrity": "sha512-0M2XxkZLx/mi3t8NVwIm1g8nHoEmM9p9UBl/G9k4+hm0kBgOVdMV/B3CY5dQ8qG8qc80NN4gDV4HQv6FTJ5q7A=="
    },
    "immutable-ext": {
      "version": "1.1.5",
      "resolved": "https://registry.npmjs.org/immutable-ext/-/immutable-ext-1.1.5.tgz",
      "integrity": "sha1-PN8noGdSfIWBe/FhoNrRNh7Vecs="
    },
    "lodash": {
      "version": "4.17.19",
      "resolved": "https://registry.npmjs.org/lodash/-/lodash-4.17.19.tgz",
      "integrity": "sha512-JNvd8XER9GQX0v2qJgsaN/mzFCNA5BRe/j8JN9d+tWyGLSodKQHKFicdwNYzWwI3wjRnaKPsGj1XkBjx/F96DQ=="
    },
    "ramda": {
      "version": "0.27.1",
      "resolved": "https://registry.npmjs.org/ramda/-/ramda-0.27.1.tgz",
      "integrity": "sha512-PgIdVpn5y5Yns8vqb8FzBUEYn98V3xcPgawAkkgj0YJ0qDsnHCiNmZYfOGMgOvoB0eWFLpYbhxUR3mxfDIMvpw=="
    },
    "sanctuary-type-classes": {
      "version": "3.0.0",
      "resolved": "https://registry.npmjs.org/sanctuary-type-classes/-/sanctuary-type-classes-3.0.0.tgz",
      "integrity": "sha1-5M9CKrzrjHi29iXYTWH9tcbUQRY=",
      "requires": {
        "sanctuary-type-identifiers": "1.0.x"
      }
    },
    "sanctuary-type-identifiers": {
      "version": "1.0.0",
      "resolved": "https://registry.npmjs.org/sanctuary-type-identifiers/-/sanctuary-type-identifiers-1.0.0.tgz",
      "integrity": "sha1-6PNZ8AbLXmJM+4RkYD/BFGCL3p8="
    },
    "transducers.js": {
      "version": "0.3.2",
      "resolved": "https://registry.npmjs.org/transducers.js/-/transducers.js-0.3.2.tgz",
      "integrity": "sha1-eJAu91XgYGzS/dFjORLxCTyKVDI="
    }
  }
}
