# THIS IS AN AUTOGENERATED FILE. DO NOT EDIT THIS FILE DIRECTLY.
# yarn lockfile v1


daggy@^1.4.0:
  version "1.4.0"
  resolved "https://registry.yarnpkg.com/daggy/-/daggy-1.4.0.tgz#178b4722866e1c8fac7b91d4bbf171d3767c1573"
  integrity sha512-6g8sOIPMzriYtyoCfpM2bUobu2yj0UPdaPy+Yzdqow8RqJy/Dv2PrqiNOzCvbxUuT6B1eSbr2EmFPlLNfKFDzQ==
  dependencies:
    sanctuary-type-classes "3.0.0"
    sanctuary-type-identifiers "1.0.0"

folktale@^2.3.2:
  version "2.3.2"
  resolved "https://registry.yarnpkg.com/folktale/-/folktale-2.3.2.tgz#38231b039e5ef36989920cbf805bf6b227bf4fd4"
  integrity sha512-+8GbtQBwEqutP0v3uajDDoN64K2ehmHd0cjlghhxh0WpcfPzAIjPA03e1VvHlxL02FVGR0A6lwXsNQKn3H1RNQ==

immer@^7.0.7:
  version "7.0.9"
  resolved "https://registry.yarnpkg.com/immer/-/immer-7.0.9.tgz#28e7552c21d39dd76feccd2b800b7bc86ee4a62e"
  integrity sha512-Vs/gxoM4DqNAYR7pugIxi0Xc8XAun/uy7AQu4fLLqaTBHxjOP9pJ266Q9MWA/ly4z6rAFZbvViOtihxUZ7O28A==

immutable-ext@^1.1.5:
  version "1.1.5"
  resolved "https://registry.yarnpkg.com/immutable-ext/-/immutable-ext-1.1.5.tgz#3cdf27a067527c85817bf161a0dad1361ed579cb"
  integrity sha1-PN8noGdSfIWBe/FhoNrRNh7Vecs=

immutable@^4.0.0-rc.12:
  version "4.0.0-rc.12"
  resolved "https://registry.yarnpkg.com/immutable/-/immutable-4.0.0-rc.12.tgz#ca59a7e4c19ae8d9bf74a97bdf0f6e2f2a5d0217"
  integrity sha512-0M2XxkZLx/mi3t8NVwIm1g8nHoEmM9p9UBl/G9k4+hm0kBgOVdMV/B3CY5dQ8qG8qc80NN4gDV4HQv6FTJ5q7A==

lodash@^4.17.19:
  version "4.17.19"
  resolved "https://registry.yarnpkg.com/lodash/-/lodash-4.17.19.tgz#e48ddedbe30b3321783c5b4301fbd353bc1e4a4b"
  integrity sha512-JNvd8XER9GQX0v2qJgsaN/mzFCNA5BRe/j8JN9d+tWyGLSodKQHKFicdwNYzWwI3wjRnaKPsGj1XkBjx/F96DQ==

ramda@^0.27.1:
  version "0.27.1"
  resolved "https://registry.yarnpkg.com/ramda/-/ramda-0.27.1.tgz#66fc2df3ef873874ffc2da6aa8984658abacf5c9"
  integrity sha512-PgIdVpn5y5Yns8vqb8FzBUEYn98V3xcPgawAkkgj0YJ0qDsnHCiNmZYfOGMgOvoB0eWFLpYbhxUR3mxfDIMvpw==

rxjs@^6.6.3:
  version "6.6.3"
  resolved "https://registry.yarnpkg.com/rxjs/-/rxjs-6.6.3.tgz#8ca84635c4daa900c0d3967a6ee7ac60271ee552"
  integrity sha512-trsQc+xYYXZ3urjOiJOuCOa5N3jAZ3eiSpQB5hIT8zGlL2QfnHLJ2r7GMkBGuIausdJN1OneaI6gQlsqNHHmZQ==
  dependencies:
    tslib "^1.9.0"

sanctuary-type-classes@3.0.0:
  version "3.0.0"
  resolved "https://registry.yarnpkg.com/sanctuary-type-classes/-/sanctuary-type-classes-3.0.0.tgz#e4cf422abceb8c78b6f625d84d61fdb5c6d44116"
  integrity sha1-5M9CKrzrjHi29iXYTWH9tcbUQRY=
  dependencies:
    sanctuary-type-identifiers "1.0.x"

sanctuary-type-identifiers@1.0.0, sanctuary-type-identifiers@1.0.x:
  version "1.0.0"
  resolved "https://registry.yarnpkg.com/sanctuary-type-identifiers/-/sanctuary-type-identifiers-1.0.0.tgz#e8f359f006cb5e624cfb8464603fc114608bde9f"
  integrity sha1-6PNZ8AbLXmJM+4RkYD/BFGCL3p8=

transducers.js@^0.3.2:
  version "0.3.2"
  resolved "https://registry.yarnpkg.com/transducers.js/-/transducers.js-0.3.2.tgz#78902ef755e0606cd2fdd1633912f1093c8a5432"
  integrity sha1-eJAu91XgYGzS/dFjORLxCTyKVDI=

tslib@^1.9.0:
  version "1.13.0"
  resolved "https://registry.yarnpkg.com/tslib/-/tslib-1.13.0.tgz#c881e13cc7015894ed914862d276436fa9a47043"
  integrity sha512-i/6DQjL8Xf3be4K/E6Wgpekn5Qasl1usyw++dAA35Ue5orEn65VIxOA+YvNNl9HV3qv70T7CNwjODHZrLwvd1Q==
